
Microsoft Visual Studio Solution File, Format Version 12.00
Project("{FAE04EC0-301F-11D3-BF4B-00C04F79EFBC}") = "KoboldNET.Core", "KoboldNET.Core\KoboldNET.Core.csproj", "{5630A61B-EC07-4A75-92EB-6CA1DFFCD2AD}"
EndProject
Global
	GlobalSection(SolutionConfigurationPlatforms) = preSolution
		Debug|Any CPU = Debug|Any CPU
		Release|Any CPU = Release|Any CPU
	EndGlobalSection
	GlobalSection(ProjectConfigurationPlatforms) = postSolution
		{5630A61B-EC07-4A75-92EB-6CA1DFFCD2AD}.Debug|Any CPU.ActiveCfg = Debug|Any CPU
		{5630A61B-EC07-4A75-92EB-6CA1DFFCD2AD}.Debug|Any CPU.Build.0 = Debug|Any CPU
		{5630A61B-EC07-4A75-92EB-6CA1DFFCD2AD}.Release|Any CPU.ActiveCfg = Release|Any CPU
		{5630A61B-EC07-4A75-92EB-6CA1DFFCD2AD}.Release|Any CPU.Build.0 = Release|Any CPU
	EndGlobalSection
EndGlobal
